
Microsoft Visual Studio Solution File, Format Version 12.00
# Visual Studio 14
VisualStudioVersion = 14.0.24720.0
MinimumVisualStudioVersion = 10.0.40219.1
Project("{FAE04EC0-301F-11D3-BF4B-00C04F79EFBC}") = "task1_2", "task1_2\task1_2.csproj", "{47FE70F7-522C-490C-8AE6-2221A86F7891}"
EndProject
Global
	GlobalSection(SolutionConfigurationPlatforms) = preSolution
		Debug|Any CPU = Debug|Any CPU
		Release|Any CPU = Release|Any CPU
	EndGlobalSection
	GlobalSection(ProjectConfigurationPlatforms) = postSolution
		{47FE70F7-522C-490C-8AE6-2221A86F7891}.Debug|Any CPU.ActiveCfg = Debug|Any CPU
		{47FE70F7-522C-490C-8AE6-2221A86F7891}.Debug|Any CPU.Build.0 = Debug|Any CPU
		{47FE70F7-522C-490C-8AE6-2221A86F7891}.Release|Any CPU.ActiveCfg = Release|Any CPU
		{47FE70F7-522C-490C-8AE6-2221A86F7891}.Release|Any CPU.Build.0 = Release|Any CPU
	EndGlobalSection
	GlobalSection(SolutionProperties) = preSolution
		HideSolutionNode = FALSE
	EndGlobalSection
EndGlobal
